{
  "name": "Library_Management_System",
  "lockfileVersion": 3,
  "requires": true,
  "packages": {
    "": {
      "dependencies": {
        "oracledb": "^6.8.0",
        "swiper": "^10.3.1"
      }
    },
    "node_modules/oracledb": {
      "version": "6.8.0",
      "resolved": "https://registry.npmjs.org/oracledb/-/oracledb-6.8.0.tgz",
      "integrity": "sha512-A4ds4n4xtjPTzk1gwrHWuMeWsEcrScF0GFgVebGrhNpHSAzn6eDwMKcSbakZODKfFcI099iqhmqWsgko8D+7Ww==",
      "hasInstallScript": true,
      "license": "(Apache-2.0 OR UPL-1.0)",
      "engines": {
        "node": ">=14.6"
      }
    },
    "node_modules/swiper": {
      "version": "10.3.1",
      "resolved": "https://registry.npmjs.org/swiper/-/swiper-10.3.1.tgz",
      "integrity": "sha512-24Wk3YUdZHxjc9faID97GTu6xnLNia+adMt6qMTZG/HgdSUt4fS0REsGUXJOgpTED0Amh/j+gRGQxsLayJUlBQ==",
      "funding": [
        {
          "type": "patreon",
          "url": "https://www.patreon.com/swiperjs"
        },
        {
          "type": "open_collective",
          "url": "http://opencollective.com/swiper"
        }
      ],
      "license": "MIT",
      "engines": {
        "node": ">= 4.7.0"
      }
    }
  }
}
